dependencies:
- name: certs
  repository: ""
  version: 0.1.0
- name: secrets
  repository: ""
  version: 0.1.10
- name: metrics
  repository: ""
  version: 1.4.22
- name: nms
  repository: ""
  version: 0.1.12
- name: logging
  repository: ""
  version: 0.1.10
- name: orc8rlib
  repository: file://../orc8rlib
  version: 0.1.3
digest: sha256:58bc12d275a0dae315e2f37c5485459b2382386d616707bf2b8f7caeb3e8f916
generated: "2021-05-07T13:19:46.900573423+05:30"
